{
  "name": "redux-cluster-ws",
  "version": "2.0.0",
  "lockfileVersion": 3,
  "requires": true,
  "packages": {
    "": {
      "name": "redux-cluster-ws",
      "version": "2.0.0",
      "funding": [
        {
          "type": "individual",
          "url": "http://dudko.dev/donate"
        },
        {
          "type": "buymeacoffee",
          "url": "https://www.buymeacoffee.com/dudko.dev"
        },
        {
          "type": "paypal",
          "url": "https://paypal.me/dudkodev"
        },
        {
          "type": "patreon",
          "url": "https://patreon.com/dudko_dev"
        }
      ],
      "license": "MIT",
      "dependencies": {
        "@sergdudko/objectstream": "^3.2.26",
        "protoobject": "^1.1.30",
        "redux": "^5.0.1",
        "redux-cluster": "^2.0.1"
      },
      "devDependencies": {
        "@types/node": "^20.12.7",
        "@types/ws": "^8.5.10",
        "typescript": "^5.4.5"
      },
      "engines": {
        "node": ">=16.0.0"
      },
      "peerDependencies": {
        "ws": "^8.18.3"
      }
    },
    "node_modules/@sergdudko/objectstream": {
      "version": "3.2.26",
      "resolved": "https://registry.npmjs.org/@sergdudko/objectstream/-/objectstream-3.2.26.tgz",
      "integrity": "sha512-D14Cbmgf7Diky4ED3kLqzIdZAH6VVQ4e77hOTjrYB/MGtt/Z4xuXC8LvWQFRrviUEYdBSN99aWRa979XPOXmrw==",
      "funding": [
        {
          "type": "buymeacoffee",
          "url": "https://www.buymeacoffee.com/dudko.dev"
        },
        {
          "type": "paypal",
          "url": "https://paypal.me/dudkodev"
        },
        {
          "type": "patreon",
          "url": "https://patreon.com/dudko_dev"
        }
      ],
      "license": "MIT",
      "engines": {
        "node": ">=10"
      }
    },
    "node_modules/@types/node": {
      "version": "20.19.13",
      "resolved": "https://registry.npmjs.org/@types/node/-/node-20.19.13.tgz",
      "integrity": "sha512-yCAeZl7a0DxgNVteXFHt9+uyFbqXGy/ShC4BlcHkoE0AfGXYv/BUiplV72DjMYXHDBXFjhvr6DD1NiRVfB4j8g==",
      "dev": true,
      "license": "MIT",
      "dependencies": {
        "undici-types": "~6.21.0"
      }
    },
    "node_modules/@types/ws": {
      "version": "8.18.1",
      "resolved": "https://registry.npmjs.org/@types/ws/-/ws-8.18.1.tgz",
      "integrity": "sha512-ThVF6DCVhA8kUGy+aazFQ4kXQ7E1Ty7A3ypFOe0IcJV8O/M511G99AW24irKrW56Wt44yG9+ij8FaqoBGkuBXg==",
      "dev": true,
      "license": "MIT",
      "dependencies": {
        "@types/node": "*"
      }
    },
    "node_modules/protoobject": {
      "version": "1.1.30",
      "resolved": "https://registry.npmjs.org/protoobject/-/protoobject-1.1.30.tgz",
      "integrity": "sha512-+XeSxfNiIAzydHAKy4YeFi9ToX0zL7XA+hrQnOChznj4q2SvLRVIW8CYDMGrom4u513eD65er1LAG94/mKhEQQ==",
      "funding": [
        {
          "type": "buymeacoffee",
          "url": "https://www.buymeacoffee.com/dudko.dev"
        },
        {
          "type": "paypal",
          "url": "https://paypal.me/dudkodev"
        },
        {
          "type": "patreon",
          "url": "https://patreon.com/dudko_dev"
        }
      ],
      "license": "MIT"
    },
    "node_modules/redux": {
      "version": "5.0.1",
      "resolved": "https://registry.npmjs.org/redux/-/redux-5.0.1.tgz",
      "integrity": "sha512-M9/ELqF6fy8FwmkpnF0S3YKOqMyoWJ4+CS5Efg2ct3oY9daQvd/Pc71FpGZsVsbl3Cpb+IIcjBDUnnyBdQbq4w==",
      "license": "MIT"
    },
    "node_modules/redux-cluster": {
      "version": "2.0.1",
      "resolved": "https://registry.npmjs.org/redux-cluster/-/redux-cluster-2.0.1.tgz",
      "integrity": "sha512-EZb93HoBRtqqySoyyMYK4UlKXSJf9ov8i+w0dIvMzC4Uo0cxVJ9YkkByP/YgbjwKujvn6N12byxa6ghkFJtNpA==",
      "funding": [
        {
          "type": "individual",
          "url": "http://dudko.dev/donate"
        },
        {
          "type": "buymeacoffee",
          "url": "https://www.buymeacoffee.com/dudko.dev"
        },
        {
          "type": "paypal",
          "url": "https://paypal.me/dudkodev"
        },
        {
          "type": "patreon",
          "url": "https://patreon.com/dudko_dev"
        }
      ],
      "license": "MIT",
      "dependencies": {
        "@sergdudko/objectstream": "^3.2.26",
        "protoobject": "^1.1.30",
        "redux": "^5.0.1"
      },
      "engines": {
        "node": ">=14.0.0"
      }
    },
    "node_modules/typescript": {
      "version": "5.9.2",
      "resolved": "https://registry.npmjs.org/typescript/-/typescript-5.9.2.tgz",
      "integrity": "sha512-CWBzXQrc/qOkhidw1OzBTQuYRbfyxDXJMVJ1XNwUHGROVmuaeiEm3OslpZ1RV96d7SKKjZKrSJu3+t/xlw3R9A==",
      "dev": true,
      "license": "Apache-2.0",
      "bin": {
        "tsc": "bin/tsc",
        "tsserver": "bin/tsserver"
      },
      "engines": {
        "node": ">=14.17"
      }
    },
    "node_modules/undici-types": {
      "version": "6.21.0",
      "resolved": "https://registry.npmjs.org/undici-types/-/undici-types-6.21.0.tgz",
      "integrity": "sha512-iwDZqg0QAGrg9Rav5H4n0M64c3mkR59cJ6wQp+7C4nI0gsmExaedaYLNO44eT4AtBBwjbTiGPMlt2Md0T9H9JQ==",
      "dev": true,
      "license": "MIT"
    },
    "node_modules/ws": {
      "version": "8.18.3",
      "resolved": "https://registry.npmjs.org/ws/-/ws-8.18.3.tgz",
      "integrity": "sha512-PEIGCY5tSlUt50cqyMXfCzX+oOPqN0vuGqWzbcJ2xvnkzkq46oOpz7dQaTDBdfICb4N14+GARUDw2XV2N4tvzg==",
      "license": "MIT",
      "peer": true,
      "engines": {
        "node": ">=10.0.0"
      },
      "peerDependencies": {
        "bufferutil": "^4.0.1",
        "utf-8-validate": ">=5.0.2"
      },
      "peerDependenciesMeta": {
        "bufferutil": {
          "optional": true
        },
        "utf-8-validate": {
          "optional": true
        }
      }
    }
  }
}
